{
  "name": "vue",
  "lockfileVersion": 2,
  "requires": true,
  "packages": {
    "": {
      "dependencies": {
        "project01": "^1.0.0"
      }
    },
    "node_modules/project01": {
      "version": "1.0.0",
      "resolved": "https://registry.npmjs.org/project01/-/project01-1.0.0.tgz",
      "integrity": "sha1-fQhirqvgeNElnq3eFTFxKmCzpMs="
    }
  },
  "dependencies": {
    "project01": {
      "version": "1.0.0",
      "resolved": "https://registry.npmjs.org/project01/-/project01-1.0.0.tgz",
      "integrity": "sha1-fQhirqvgeNElnq3eFTFxKmCzpMs="
    }
  }
}
